
Microsoft Visual Studio Solution File, Format Version 12.00
# Visual Studio 2013
Project("{FAE04EC0-301F-11D3-BF4B-00C04F79EFBC}") = "fypj2.CSharp", "fypj2.CSharp.csproj", "{BE04F32F-CFF3-49CE-9141-452A17F2B1BF}"
EndProject
Project("{FAE04EC0-301F-11D3-BF4B-00C04F79EFBC}") = "fypj2.CSharp.Editor", "fypj2.CSharp.Editor.csproj", "{14C6F568-4319-94D8-7F35-788A26D59865}"
EndProject
Global
	GlobalSection(SolutionConfigurationPlatforms) = preSolution
		Debug|Any CPU = Debug|Any CPU
		Release|Any CPU = Release|Any CPU
	EndGlobalSection
	GlobalSection(ProjectConfigurationPlatforms) = postSolution
		{BE04F32F-CFF3-49CE-9141-452A17F2B1BF}.Debug|Any CPU.ActiveCfg = Debug|Any CPU
		{BE04F32F-CFF3-49CE-9141-452A17F2B1BF}.Debug|Any CPU.Build.0 = Debug|Any CPU
		{BE04F32F-CFF3-49CE-9141-452A17F2B1BF}.Release|Any CPU.ActiveCfg = Release|Any CPU
		{BE04F32F-CFF3-49CE-9141-452A17F2B1BF}.Release|Any CPU.Build.0 = Release|Any CPU
		{14C6F568-4319-94D8-7F35-788A26D59865}.Debug|Any CPU.ActiveCfg = Debug|Any CPU
		{14C6F568-4319-94D8-7F35-788A26D59865}.Debug|Any CPU.Build.0 = Debug|Any CPU
		{14C6F568-4319-94D8-7F35-788A26D59865}.Release|Any CPU.ActiveCfg = Release|Any CPU
		{14C6F568-4319-94D8-7F35-788A26D59865}.Release|Any CPU.Build.0 = Release|Any CPU
	EndGlobalSection
	GlobalSection(SolutionProperties) = preSolution
		HideSolutionNode = FALSE
	EndGlobalSection
EndGlobal
